
Microsoft Visual Studio Solution File, Format Version 12.00
# Visual Studio Version 16
VisualStudioVersion = 16.0.29021.104
MinimumVisualStudioVersion = 10.0.40219.1
Project("{54435603-DBB4-11D2-8724-00A0C9A8B90C}") = "CS.Changelog.Setup", "CS.Changelog.Setup\CS.Changelog.Setup.vdproj", "{5852AF07-2D4B-452B-86D9-B1156F5F33E1}"
EndProject
Project("{9A19103F-16F7-4668-BE54-9A1E7A4F7556}") = "CS.Changelog", "CS.Changelog\CS.Changelog.csproj", "{E85D22D2-9549-4D4F-B655-22C7F27C81FB}"
EndProject
Project("{9A19103F-16F7-4668-BE54-9A1E7A4F7556}") = "CS.Changelog.Console", "CS.Changelog.Console\CS.Changelog.Console.csproj", "{5311803A-8A5C-4C4F-B7FD-B11AAFB12467}"
EndProject
Project("{9A19103F-16F7-4668-BE54-9A1E7A4F7556}") = "CS.Changelog.Tests", "CS.Changelog.Tests\CS.Changelog.Tests.csproj", "{26AFE46B-F48E-437C-B5D9-087ABCD93947}"
EndProject
Project("{7CF6DF6D-3B04-46F8-A40B-537D21BCA0B4}") = "CS.Changelog.Documentation", "Documentation\CS.Changelog.Documentation.shfbproj", "{758B80A9-73FC-418D-B49B-2656A38C1CEB}"
EndProject
Global
	GlobalSection(SolutionConfigurationPlatforms) = preSolution
		Debug|Any CPU = Debug|Any CPU
		Release|Any CPU = Release|Any CPU
	EndGlobalSection
	GlobalSection(ProjectConfigurationPlatforms) = postSolution
		{5852AF07-2D4B-452B-86D9-B1156F5F33E1}.Debug|Any CPU.ActiveCfg = Debug
		{5852AF07-2D4B-452B-86D9-B1156F5F33E1}.Release|Any CPU.ActiveCfg = Release
		{E85D22D2-9549-4D4F-B655-22C7F27C81FB}.Debug|Any CPU.ActiveCfg = Debug|Any CPU
		{E85D22D2-9549-4D4F-B655-22C7F27C81FB}.Debug|Any CPU.Build.0 = Debug|Any CPU
		{E85D22D2-9549-4D4F-B655-22C7F27C81FB}.Release|Any CPU.ActiveCfg = Release|Any CPU
		{E85D22D2-9549-4D4F-B655-22C7F27C81FB}.Release|Any CPU.Build.0 = Release|Any CPU
		{5311803A-8A5C-4C4F-B7FD-B11AAFB12467}.Debug|Any CPU.ActiveCfg = Debug|Any CPU
		{5311803A-8A5C-4C4F-B7FD-B11AAFB12467}.Debug|Any CPU.Build.0 = Debug|Any CPU
		{5311803A-8A5C-4C4F-B7FD-B11AAFB12467}.Release|Any CPU.ActiveCfg = Release|Any CPU
		{5311803A-8A5C-4C4F-B7FD-B11AAFB12467}.Release|Any CPU.Build.0 = Release|Any CPU
		{26AFE46B-F48E-437C-B5D9-087ABCD93947}.Debug|Any CPU.ActiveCfg = Debug|Any CPU
		{26AFE46B-F48E-437C-B5D9-087ABCD93947}.Debug|Any CPU.Build.0 = Debug|Any CPU
		{26AFE46B-F48E-437C-B5D9-087ABCD93947}.Release|Any CPU.ActiveCfg = Release|Any CPU
		{26AFE46B-F48E-437C-B5D9-087ABCD93947}.Release|Any CPU.Build.0 = Release|Any CPU
		{758B80A9-73FC-418D-B49B-2656A38C1CEB}.Debug|Any CPU.ActiveCfg = Debug|Any CPU
		{758B80A9-73FC-418D-B49B-2656A38C1CEB}.Release|Any CPU.ActiveCfg = Release|Any CPU
	EndGlobalSection
	GlobalSection(SolutionProperties) = preSolution
		HideSolutionNode = FALSE
	EndGlobalSection
	GlobalSection(ExtensibilityGlobals) = postSolution
		SolutionGuid = {4CC89CE6-423A-4AB6-8F03-DCB0485B8728}
	EndGlobalSection
EndGlobal
